
Microsoft Visual Studio Solution File, Format Version 12.00
# Visual Studio Version 17
VisualStudioVersion = 17.10.35122.118
MinimumVisualStudioVersion = 10.0.40219.1
Project("{FAE04EC0-301F-11D3-BF4B-00C04F79EFBC}") = "01_MainSubjects", "01_MainSubjects\01_MainSubjects.csproj", "{EBA6CCC3-018B-460E-99CC-25149EDE40B6}"
EndProject
Project("{FAE04EC0-301F-11D3-BF4B-00C04F79EFBC}") = "02_Veriables", "02_Veriables\02_Veriables.csproj", "{482493D4-A8A8-402D-AE52-750EEF7C50E9}"
EndProject
Project("{FAE04EC0-301F-11D3-BF4B-00C04F79EFBC}") = "03_MakingDecision", "03_MakingDecision\03_MakingDecision.csproj", "{33C0E5D1-5A36-4837-B767-B501B5E7A333}"
EndProject
Project("{FAE04EC0-301F-11D3-BF4B-00C04F79EFBC}") = "04_Loops", "04_Loops\04_Loops.csproj", "{AAEE13DC-19F9-45E8-81A6-54503783F613}"
EndProject
Project("{FAE04EC0-301F-11D3-BF4B-00C04F79EFBC}") = "05_LoopsWithStars", "05_LoopsWithStars\05_LoopsWithStars.csproj", "{F2A31BF9-0532-4D5A-99C9-859B273DA457}"
EndProject
Project("{FAE04EC0-301F-11D3-BF4B-00C04F79EFBC}") = "06_Arrays", "06_Arrays\06_Arrays.csproj", "{8D33078E-D385-45B5-905E-5538EB203A7D}"
EndProject
Project("{FAE04EC0-301F-11D3-BF4B-00C04F79EFBC}") = "07_ForeachLoops", "07_ForeachLoops\07_ForeachLoops.csproj", "{F7BA6255-97B5-4605-B650-AAADE4E7A4C3}"
EndProject
Project("{FAE04EC0-301F-11D3-BF4B-00C04F79EFBC}") = "08_Methods", "08_Methods\08_Methods.csproj", "{C256E0FD-8F46-40A2-9362-557138176EA2}"
EndProject
Project("{FAE04EC0-301F-11D3-BF4B-00C04F79EFBC}") = "09_DatabaseProject", "DatabaseProject\09_DatabaseProject.csproj", "{2EFA5565-6895-4DAF-80E5-B43BC1FCB28A}"
EndProject
Project("{FAE04EC0-301F-11D3-BF4B-00C04F79EFBC}") = "10_DatabaseCrud", "10_DatabaseCrud\10_DatabaseCrud.csproj", "{BBEEA7B0-8814-42C3-B795-14284235CE63}"
EndProject
Global
	GlobalSection(SolutionConfigurationPlatforms) = preSolution
		Debug|Any CPU = Debug|Any CPU
		Release|Any CPU = Release|Any CPU
	EndGlobalSection
	GlobalSection(ProjectConfigurationPlatforms) = postSolution
		{EBA6CCC3-018B-460E-99CC-25149EDE40B6}.Debug|Any CPU.ActiveCfg = Debug|Any CPU
		{EBA6CCC3-018B-460E-99CC-25149EDE40B6}.Debug|Any CPU.Build.0 = Debug|Any CPU
		{EBA6CCC3-018B-460E-99CC-25149EDE40B6}.Release|Any CPU.ActiveCfg = Release|Any CPU
		{EBA6CCC3-018B-460E-99CC-25149EDE40B6}.Release|Any CPU.Build.0 = Release|Any CPU
		{482493D4-A8A8-402D-AE52-750EEF7C50E9}.Debug|Any CPU.ActiveCfg = Debug|Any CPU
		{482493D4-A8A8-402D-AE52-750EEF7C50E9}.Debug|Any CPU.Build.0 = Debug|Any CPU
		{482493D4-A8A8-402D-AE52-750EEF7C50E9}.Release|Any CPU.ActiveCfg = Release|Any CPU
		{482493D4-A8A8-402D-AE52-750EEF7C50E9}.Release|Any CPU.Build.0 = Release|Any CPU
		{33C0E5D1-5A36-4837-B767-B501B5E7A333}.Debug|Any CPU.ActiveCfg = Debug|Any CPU
		{33C0E5D1-5A36-4837-B767-B501B5E7A333}.Debug|Any CPU.Build.0 = Debug|Any CPU
		{33C0E5D1-5A36-4837-B767-B501B5E7A333}.Release|Any CPU.ActiveCfg = Release|Any CPU
		{33C0E5D1-5A36-4837-B767-B501B5E7A333}.Release|Any CPU.Build.0 = Release|Any CPU
		{AAEE13DC-19F9-45E8-81A6-54503783F613}.Debug|Any CPU.ActiveCfg = Debug|Any CPU
		{AAEE13DC-19F9-45E8-81A6-54503783F613}.Debug|Any CPU.Build.0 = Debug|Any CPU
		{AAEE13DC-19F9-45E8-81A6-54503783F613}.Release|Any CPU.ActiveCfg = Release|Any CPU
		{AAEE13DC-19F9-45E8-81A6-54503783F613}.Release|Any CPU.Build.0 = Release|Any CPU
		{F2A31BF9-0532-4D5A-99C9-859B273DA457}.Debug|Any CPU.ActiveCfg = Debug|Any CPU
		{F2A31BF9-0532-4D5A-99C9-859B273DA457}.Debug|Any CPU.Build.0 = Debug|Any CPU
		{F2A31BF9-0532-4D5A-99C9-859B273DA457}.Release|Any CPU.ActiveCfg = Release|Any CPU
		{F2A31BF9-0532-4D5A-99C9-859B273DA457}.Release|Any CPU.Build.0 = Release|Any CPU
		{8D33078E-D385-45B5-905E-5538EB203A7D}.Debug|Any CPU.ActiveCfg = Debug|Any CPU
		{8D33078E-D385-45B5-905E-5538EB203A7D}.Debug|Any CPU.Build.0 = Debug|Any CPU
		{8D33078E-D385-45B5-905E-5538EB203A7D}.Release|Any CPU.ActiveCfg = Release|Any CPU
		{8D33078E-D385-45B5-905E-5538EB203A7D}.Release|Any CPU.Build.0 = Release|Any CPU
		{F7BA6255-97B5-4605-B650-AAADE4E7A4C3}.Debug|Any CPU.ActiveCfg = Debug|Any CPU
		{F7BA6255-97B5-4605-B650-AAADE4E7A4C3}.Debug|Any CPU.Build.0 = Debug|Any CPU
		{F7BA6255-97B5-4605-B650-AAADE4E7A4C3}.Release|Any CPU.ActiveCfg = Release|Any CPU
		{F7BA6255-97B5-4605-B650-AAADE4E7A4C3}.Release|Any CPU.Build.0 = Release|Any CPU
		{C256E0FD-8F46-40A2-9362-557138176EA2}.Debug|Any CPU.ActiveCfg = Debug|Any CPU
		{C256E0FD-8F46-40A2-9362-557138176EA2}.Debug|Any CPU.Build.0 = Debug|Any CPU
		{C256E0FD-8F46-40A2-9362-557138176EA2}.Release|Any CPU.ActiveCfg = Release|Any CPU
		{C256E0FD-8F46-40A2-9362-557138176EA2}.Release|Any CPU.Build.0 = Release|Any CPU
		{2EFA5565-6895-4DAF-80E5-B43BC1FCB28A}.Debug|Any CPU.ActiveCfg = Debug|Any CPU
		{2EFA5565-6895-4DAF-80E5-B43BC1FCB28A}.Debug|Any CPU.Build.0 = Debug|Any CPU
		{2EFA5565-6895-4DAF-80E5-B43BC1FCB28A}.Release|Any CPU.ActiveCfg = Release|Any CPU
		{2EFA5565-6895-4DAF-80E5-B43BC1FCB28A}.Release|Any CPU.Build.0 = Release|Any CPU
		{BBEEA7B0-8814-42C3-B795-14284235CE63}.Debug|Any CPU.ActiveCfg = Debug|Any CPU
		{BBEEA7B0-8814-42C3-B795-14284235CE63}.Debug|Any CPU.Build.0 = Debug|Any CPU
		{BBEEA7B0-8814-42C3-B795-14284235CE63}.Release|Any CPU.ActiveCfg = Release|Any CPU
		{BBEEA7B0-8814-42C3-B795-14284235CE63}.Release|Any CPU.Build.0 = Release|Any CPU
	EndGlobalSection
	GlobalSection(SolutionProperties) = preSolution
		HideSolutionNode = FALSE
	EndGlobalSection
	GlobalSection(ExtensibilityGlobals) = postSolution
		SolutionGuid = {C989B02B-5312-405C-815F-53E038D32E8A}
	EndGlobalSection
EndGlobal
